
Microsoft Visual Studio Solution File, Format Version 12.00
# Visual Studio 14
VisualStudioVersion = 14.0.25420.1
MinimumVisualStudioVersion = 10.0.40219.1
Project("{2150E333-8FDC-42A3-9474-1A3956D46DE8}") = "src", "src", "{2886A72D-0231-4919-A866-ADE817ADB9C3}"
EndProject
Project("{2150E333-8FDC-42A3-9474-1A3956D46DE8}") = "Solution Items", "Solution Items", "{3EB90F6B-A880-4360-A116-A85F11CF6996}"
	ProjectSection(SolutionItems) = preProject
		global.json = global.json
	EndProjectSection
EndProject
Project("{8BB2217D-0F2D-49D1-97BC-3654ED321F3B}") = "Api", "src\Api\Api.xproj", "{EA3F180A-A79D-472A-AEC9-B8EB54F52586}"
EndProject
Project("{FAE04EC0-301F-11D3-BF4B-00C04F79EFBC}") = "Web", "Web\Web.csproj", "{9E8C00DA-BAF1-4D83-861F-87A97CCD19E7}"
EndProject
Global
	GlobalSection(SolutionConfigurationPlatforms) = preSolution
		Debug|Any CPU = Debug|Any CPU
		Release|Any CPU = Release|Any CPU
	EndGlobalSection
	GlobalSection(ProjectConfigurationPlatforms) = postSolution
		{EA3F180A-A79D-472A-AEC9-B8EB54F52586}.Debug|Any CPU.ActiveCfg = Debug|Any CPU
		{EA3F180A-A79D-472A-AEC9-B8EB54F52586}.Debug|Any CPU.Build.0 = Debug|Any CPU
		{EA3F180A-A79D-472A-AEC9-B8EB54F52586}.Release|Any CPU.ActiveCfg = Release|Any CPU
		{EA3F180A-A79D-472A-AEC9-B8EB54F52586}.Release|Any CPU.Build.0 = Release|Any CPU
		{9E8C00DA-BAF1-4D83-861F-87A97CCD19E7}.Debug|Any CPU.ActiveCfg = Debug|Any CPU
		{9E8C00DA-BAF1-4D83-861F-87A97CCD19E7}.Debug|Any CPU.Build.0 = Debug|Any CPU
		{9E8C00DA-BAF1-4D83-861F-87A97CCD19E7}.Release|Any CPU.ActiveCfg = Release|Any CPU
		{9E8C00DA-BAF1-4D83-861F-87A97CCD19E7}.Release|Any CPU.Build.0 = Release|Any CPU
	EndGlobalSection
	GlobalSection(SolutionProperties) = preSolution
		HideSolutionNode = FALSE
	EndGlobalSection
	GlobalSection(NestedProjects) = preSolution
		{EA3F180A-A79D-472A-AEC9-B8EB54F52586} = {2886A72D-0231-4919-A866-ADE817ADB9C3}
	EndGlobalSection
EndGlobal
